
Microsoft Visual Studio Solution File, Format Version 12.00
# Visual Studio 15
VisualStudioVersion = 15.0.27428.2043
MinimumVisualStudioVersion = 10.0.40219.1
Project("{FAE04EC0-301F-11D3-BF4B-00C04F79EFBC}") = "MvcUI", "MvcUI\MvcUI.csproj", "{88AF116A-FB33-461A-A048-09A9C620BAEC}"
EndProject
Global
	GlobalSection(SolutionConfigurationPlatforms) = preSolution
		Debug|Any CPU = Debug|Any CPU
		Release|Any CPU = Release|Any CPU
	EndGlobalSection
	GlobalSection(ProjectConfigurationPlatforms) = postSolution
		{88AF116A-FB33-461A-A048-09A9C620BAEC}.Debug|Any CPU.ActiveCfg = Debug|Any CPU
		{88AF116A-FB33-461A-A048-09A9C620BAEC}.Debug|Any CPU.Build.0 = Debug|Any CPU
		{88AF116A-FB33-461A-A048-09A9C620BAEC}.Release|Any CPU.ActiveCfg = Release|Any CPU
		{88AF116A-FB33-461A-A048-09A9C620BAEC}.Release|Any CPU.Build.0 = Release|Any CPU
	EndGlobalSection
	GlobalSection(SolutionProperties) = preSolution
		HideSolutionNode = FALSE
	EndGlobalSection
	GlobalSection(ExtensibilityGlobals) = postSolution
		SolutionGuid = {54AABD30-CE05-4B78-8E27-197F81E020AB}
	EndGlobalSection
EndGlobal
